{
  "version": 2,
  "dependencies": {
    "net10.0": {
      "CommunityToolkit.Mvvm": {
        "type": "Direct",
        "requested": "[8.4.2, 8.4.2]",
        "resolved": "8.4.2",
        "contentHash": "WadCzGEc2U+3e20avRLng4qNtt4zoOGWrdUISqJWrHe3/FSnrYjuM5Sb4yQb09LhkBXrrI4Zt3dLKgRMbItsrg=="
      },
      "MyAvaloniaManagement.Plugin.Build": {
        "type": "Direct",
        "requested": "[1.1.2, 1.1.2]",
        "resolved": "1.1.2",
        "contentHash": "ToF3MifpuZPPAi4ugmtumZp2oiPW/0qWLwtbsMv4mmmhqWiRcD3/ZwbhIXxCvxdSTJh5MA+75HMODX6fa8IT1Q=="
      },
      "MyAvaloniaManagement.PluginSdk": {
        "type": "Direct",
        "requested": "[3.2.0, 3.2.0]",
        "resolved": "3.2.0",
        "contentHash": "nW1ANVu0KZutbU/gZovlnKx4/NNbjrXCvUzD4yjwlApYup/3kfuw319GUCyPPUt1kznX/8qwSbYKGOJcA++WbQ=="
      },
      "MyAvaloniaManagement.PluginSdk.UI": {
        "type": "Direct",
        "requested": "[3.2.0, 3.2.0]",
        "resolved": "3.2.0",
        "contentHash": "kG26BFvihBglIbZPNSRkpUXl5r5jBN94N6Dqh5f7jQlqXiS658a3+v5gd58cFMrawduYsLajTpmVjlecg1nVrQ==",
        "dependencies": {
          "Avalonia": "[12.1.0]",
          "Avalonia.Themes.Fluent": "[12.1.0]",
          "Irihi.Ursa": "[2.1.0]",
          "Irihi.Ursa.Themes.Semi": "[2.1.0]",
          "Microsoft.Extensions.DependencyInjection.Abstractions": "[10.0.10]",
          "MyAvaloniaManagement.PluginSdk": "3.2.0",
          "Semi.Avalonia": "[12.1.0]"
        }
      },
      "MyAvaloniaManagement.PluginSdk.Workflow": {
        "type": "Direct",
        "requested": "[1.0.0, 1.0.0]",
        "resolved": "1.0.0",
        "contentHash": "rtWjoJAzYlOnOHFmBSyp3wGsfrX1gjvuVCvXU4IdbcPO5GDEowyoHjpnuhN/4zq2vE+aVR0l4yz9DCpJ3ZDg5w==",
        "dependencies": {
          "MyAvaloniaManagement.PluginSdk": "3.2.0"
        }
      },
      "Avalonia": {
        "type": "Transitive",
        "resolved": "12.1.0",
        "contentHash": "an4ugAy2q6GTdaFl635V8W/LKrWNL+mnSFUprbgyf8m1Zzf9WgoGaF5ajGv5i4gXefMZrzsUPV1QU+kKrgwCWg==",
        "dependencies": {
          "Avalonia.BuildServices": "11.3.2",
          "Avalonia.Remote.Protocol": "12.1.0",
          "MicroCom.Runtime": "0.11.6"
        }
      },
      "Avalonia.BuildServices": {
        "type": "Transitive",
        "resolved": "11.3.2",
        "contentHash": "qHDToxto1e3hci5YqbG9n0Ty8mlp3zBUN5wT66wKqaDVzXyQ0do3EnRILd4Ke9jpvsktaPpgE0YjEk7hornryQ=="
      },
      "Avalonia.Remote.Protocol": {
        "type": "Transitive",
        "resolved": "12.1.0",
        "contentHash": "p6OKt6O7vOub4TS2pAjaeW0Y13oxrPs4uixeVZpJByiSQKKk+LyApN5yRy2JerpfTMtI86Y5pNwugyKTHZJnAw=="
      },
      "Avalonia.Themes.Fluent": {
        "type": "Transitive",
        "resolved": "12.1.0",
        "contentHash": "MVi5L9HymnNm+gP2aNXNcyrP2iKGJWFubQ5Bv8/Przflxca1aIT9QBpTUV6c3olA9rLYFY7MJRR/C/BZaUhemQ==",
        "dependencies": {
          "Avalonia": "12.1.0"
        }
      },
      "Irihi.Avalonia.Shared": {
        "type": "Transitive",
        "resolved": "0.4.0",
        "contentHash": "T6+jezCUjisJNz6zkNcNLVNI2ttWznbyQnW6MS9L45EXhePqRCIxB3xV/5L8gFAJ83JrhiCIokMOxRWdq9/1Zg==",
        "dependencies": {
          "Avalonia": "12.0.0"
        }
      },
      "Irihi.Avalonia.Shared.Contracts": {
        "type": "Transitive",
        "resolved": "0.4.0",
        "contentHash": "Du8DY2YqlSmCmywqZtuOhgwLkgklMeE1ajZ4Dd/iqVz6HmAKptjVTqA1oloZX5ihqsdKRiNuUGCdYPe1rekf2Q=="
      },
      "Irihi.Ursa": {
        "type": "Transitive",
        "resolved": "2.1.0",
        "contentHash": "G2wAmenCgMZkBOqs5MYRtlurhU2tAKKmcNJzjjaA9Mj5v3YIivuv7wyNpIpgYZ602sOZhFtQwYrCaLVUhn9Htw==",
        "dependencies": {
          "Avalonia": "12.0.2",
          "Irihi.Avalonia.Shared": "0.4.0",
          "Irihi.Avalonia.Shared.Contracts": "0.4.0"
        }
      },
      "Irihi.Ursa.Themes.Semi": {
        "type": "Transitive",
        "resolved": "2.1.0",
        "contentHash": "vz7iA6YcAqJ9Z34CXGtapsROERLjZ7vD1CqblO7V5NWQyrJ5igbAYSuFFWnZnPVFKkyKM/c43oGmcWjiDBLoHA==",
        "dependencies": {
          "Avalonia": "12.0.2",
          "Irihi.Ursa": "2.1.0",
          "Semi.Avalonia": "12.0.1"
        }
      },
      "MicroCom.Runtime": {
        "type": "Transitive",
        "resolved": "0.11.6",
        "contentHash": "NdNWGDiZ6eS/Mf/9+QHR91cj1K7Hy+PX9yrHI/zM7xFYuj9IWT2uxtB6sCHjrnxAeLV9fut1R6zHDUGKX6f9lQ=="
      },
      "Microsoft.Extensions.DependencyInjection.Abstractions": {
        "type": "Transitive",
        "resolved": "10.0.10",
        "contentHash": "z/2xXlFw2aLGjHyEm6E0tQ+In6VfzQzTrtArbQ2c0TQE16ZbyDCMGPvaUT9I0s8rgy9sRWlU2P9waW37qV04qA=="
      },
      "Semi.Avalonia": {
        "type": "Transitive",
        "resolved": "12.1.0",
        "contentHash": "me56M9qqcCTdYrsnf2vmd1xNF9gBN33PE3CXc9Gq1NPHO8fieZgFkmeqvaJnLMHg927UQyb7xmRSRf/ORAbv/w==",
        "dependencies": {
          "Avalonia": "12.1.0",
          "Irihi.Avalonia.Shared": "0.4.0"
        }
      }
    }
  }
}